
Microsoft Visual Studio Solution File, Format Version 12.00
# Visual Studio 2012
Project("{FAE04EC0-301F-11D3-BF4B-00C04F79EFBC}") = "Homework2", "Homework2\Homework2.csproj", "{04DF8C02-113D-43B8-AAE5-33A78BD1C61D}"
EndProject
Project("{FAE04EC0-301F-11D3-BF4B-00C04F79EFBC}") = "EnterNumbers", "EnterNumbers\EnterNumbers.csproj", "{40044859-B25D-4E8D-98EF-C84BF8B89643}"
EndProject
Global
	GlobalSection(SolutionConfigurationPlatforms) = preSolution
		Debug|Any CPU = Debug|Any CPU
		Release|Any CPU = Release|Any CPU
	EndGlobalSection
	GlobalSection(ProjectConfigurationPlatforms) = postSolution
		{04DF8C02-113D-43B8-AAE5-33A78BD1C61D}.Debug|Any CPU.ActiveCfg = Debug|Any CPU
		{04DF8C02-113D-43B8-AAE5-33A78BD1C61D}.Debug|Any CPU.Build.0 = Debug|Any CPU
		{04DF8C02-113D-43B8-AAE5-33A78BD1C61D}.Release|Any CPU.ActiveCfg = Release|Any CPU
		{04DF8C02-113D-43B8-AAE5-33A78BD1C61D}.Release|Any CPU.Build.0 = Release|Any CPU
		{40044859-B25D-4E8D-98EF-C84BF8B89643}.Debug|Any CPU.ActiveCfg = Debug|Any CPU
		{40044859-B25D-4E8D-98EF-C84BF8B89643}.Debug|Any CPU.Build.0 = Debug|Any CPU
		{40044859-B25D-4E8D-98EF-C84BF8B89643}.Release|Any CPU.ActiveCfg = Release|Any CPU
		{40044859-B25D-4E8D-98EF-C84BF8B89643}.Release|Any CPU.Build.0 = Release|Any CPU
	EndGlobalSection
	GlobalSection(SolutionProperties) = preSolution
		HideSolutionNode = FALSE
	EndGlobalSection
EndGlobal
