
Microsoft Visual Studio Solution File, Format Version 12.00
# Visual Studio 2013
VisualStudioVersion = 12.0.31101.0
MinimumVisualStudioVersion = 10.0.40219.1
Project("{FAE04EC0-301F-11D3-BF4B-00C04F79EFBC}") = "01. Football.Data", "Football.Data\01. Football.Data.csproj", "{20E78D44-C3F5-41F0-835F-F01B23F9CC96}"
EndProject
Project("{FAE04EC0-301F-11D3-BF4B-00C04F79EFBC}") = "02. JSON_LeaguesAndTeams", "JSON_LeaguesAndTeams\02. JSON_LeaguesAndTeams.csproj", "{26B6E761-5B0E-40C2-9E9B-168A774A9FC2}"
EndProject
Project("{FAE04EC0-301F-11D3-BF4B-00C04F79EFBC}") = "03. XML_InternationalMatches", "XML_InternationalMatches\03. XML_InternationalMatches.csproj", "{CBF4EEE8-1C6E-4723-BF45-E43954CA5D49}"
EndProject
Project("{FAE04EC0-301F-11D3-BF4B-00C04F79EFBC}") = "04. XML_ImportLeaguesTeams", "XML_ImportLeaguesTeams\04. XML_ImportLeaguesTeams.csproj", "{47AD19C7-7BBF-4ADA-A480-A1200B344860}"
EndProject
Project("{FAE04EC0-301F-11D3-BF4B-00C04F79EFBC}") = "06. Phonebook.Data", "Phonebook.Data\06. Phonebook.Data.csproj", "{05B03A19-A4B3-4D51-AE43-886DCD6721AA}"
EndProject
Global
	GlobalSection(SolutionConfigurationPlatforms) = preSolution
		Debug|Any CPU = Debug|Any CPU
		Release|Any CPU = Release|Any CPU
	EndGlobalSection
	GlobalSection(ProjectConfigurationPlatforms) = postSolution
		{20E78D44-C3F5-41F0-835F-F01B23F9CC96}.Debug|Any CPU.ActiveCfg = Debug|Any CPU
		{20E78D44-C3F5-41F0-835F-F01B23F9CC96}.Debug|Any CPU.Build.0 = Debug|Any CPU
		{20E78D44-C3F5-41F0-835F-F01B23F9CC96}.Release|Any CPU.ActiveCfg = Release|Any CPU
		{20E78D44-C3F5-41F0-835F-F01B23F9CC96}.Release|Any CPU.Build.0 = Release|Any CPU
		{26B6E761-5B0E-40C2-9E9B-168A774A9FC2}.Debug|Any CPU.ActiveCfg = Debug|Any CPU
		{26B6E761-5B0E-40C2-9E9B-168A774A9FC2}.Debug|Any CPU.Build.0 = Debug|Any CPU
		{26B6E761-5B0E-40C2-9E9B-168A774A9FC2}.Release|Any CPU.ActiveCfg = Release|Any CPU
		{26B6E761-5B0E-40C2-9E9B-168A774A9FC2}.Release|Any CPU.Build.0 = Release|Any CPU
		{CBF4EEE8-1C6E-4723-BF45-E43954CA5D49}.Debug|Any CPU.ActiveCfg = Debug|Any CPU
		{CBF4EEE8-1C6E-4723-BF45-E43954CA5D49}.Debug|Any CPU.Build.0 = Debug|Any CPU
		{CBF4EEE8-1C6E-4723-BF45-E43954CA5D49}.Release|Any CPU.ActiveCfg = Release|Any CPU
		{CBF4EEE8-1C6E-4723-BF45-E43954CA5D49}.Release|Any CPU.Build.0 = Release|Any CPU
		{47AD19C7-7BBF-4ADA-A480-A1200B344860}.Debug|Any CPU.ActiveCfg = Debug|Any CPU
		{47AD19C7-7BBF-4ADA-A480-A1200B344860}.Debug|Any CPU.Build.0 = Debug|Any CPU
		{47AD19C7-7BBF-4ADA-A480-A1200B344860}.Release|Any CPU.ActiveCfg = Release|Any CPU
		{47AD19C7-7BBF-4ADA-A480-A1200B344860}.Release|Any CPU.Build.0 = Release|Any CPU
		{05B03A19-A4B3-4D51-AE43-886DCD6721AA}.Debug|Any CPU.ActiveCfg = Debug|Any CPU
		{05B03A19-A4B3-4D51-AE43-886DCD6721AA}.Debug|Any CPU.Build.0 = Debug|Any CPU
		{05B03A19-A4B3-4D51-AE43-886DCD6721AA}.Release|Any CPU.ActiveCfg = Release|Any CPU
		{05B03A19-A4B3-4D51-AE43-886DCD6721AA}.Release|Any CPU.Build.0 = Release|Any CPU
	EndGlobalSection
	GlobalSection(SolutionProperties) = preSolution
		HideSolutionNode = FALSE
	EndGlobalSection
EndGlobal
