
Microsoft Visual Studio Solution File, Format Version 12.00
# Visual Studio 2013
VisualStudioVersion = 12.0.30626.0
MinimumVisualStudioVersion = 10.0.40219.1
Project("{FAE04EC0-301F-11D3-BF4B-00C04F79EFBC}") = "StringBuilderExtensions", "StringBuilderExtensions\StringBuilderExtensions.csproj", "{4A8D174A-D2B1-44F3-A691-D9C6D509C91D}"
EndProject
Project("{FAE04EC0-301F-11D3-BF4B-00C04F79EFBC}") = "CustomLINQExtensionMethods", "CustomLINQExtensionMethods\CustomLINQExtensionMethods.csproj", "{A0DC49BF-9607-4099-A1F6-5568842B3E87}"
EndProject
Project("{FAE04EC0-301F-11D3-BF4B-00C04F79EFBC}") = "Student", "Student\Student.csproj", "{039BBC7C-4024-4AFC-B914-FCDBB74FEEC7}"
EndProject
Global
	GlobalSection(SolutionConfigurationPlatforms) = preSolution
		Debug|Any CPU = Debug|Any CPU
		Release|Any CPU = Release|Any CPU
	EndGlobalSection
	GlobalSection(ProjectConfigurationPlatforms) = postSolution
		{4A8D174A-D2B1-44F3-A691-D9C6D509C91D}.Debug|Any CPU.ActiveCfg = Debug|Any CPU
		{4A8D174A-D2B1-44F3-A691-D9C6D509C91D}.Debug|Any CPU.Build.0 = Debug|Any CPU
		{4A8D174A-D2B1-44F3-A691-D9C6D509C91D}.Release|Any CPU.ActiveCfg = Release|Any CPU
		{4A8D174A-D2B1-44F3-A691-D9C6D509C91D}.Release|Any CPU.Build.0 = Release|Any CPU
		{A0DC49BF-9607-4099-A1F6-5568842B3E87}.Debug|Any CPU.ActiveCfg = Debug|Any CPU
		{A0DC49BF-9607-4099-A1F6-5568842B3E87}.Debug|Any CPU.Build.0 = Debug|Any CPU
		{A0DC49BF-9607-4099-A1F6-5568842B3E87}.Release|Any CPU.ActiveCfg = Release|Any CPU
		{A0DC49BF-9607-4099-A1F6-5568842B3E87}.Release|Any CPU.Build.0 = Release|Any CPU
		{039BBC7C-4024-4AFC-B914-FCDBB74FEEC7}.Debug|Any CPU.ActiveCfg = Debug|Any CPU
		{039BBC7C-4024-4AFC-B914-FCDBB74FEEC7}.Debug|Any CPU.Build.0 = Debug|Any CPU
		{039BBC7C-4024-4AFC-B914-FCDBB74FEEC7}.Release|Any CPU.ActiveCfg = Release|Any CPU
		{039BBC7C-4024-4AFC-B914-FCDBB74FEEC7}.Release|Any CPU.Build.0 = Release|Any CPU
	EndGlobalSection
	GlobalSection(SolutionProperties) = preSolution
		HideSolutionNode = FALSE
	EndGlobalSection
EndGlobal
