
Microsoft Visual Studio Solution File, Format Version 12.00
# Visual Studio 2013
VisualStudioVersion = 12.0.21005.1
MinimumVisualStudioVersion = 10.0.40219.1
Project("{FAE04EC0-301F-11D3-BF4B-00C04F79EFBC}") = "01.Customer", "01.Customer\01.Customer.csproj", "{58A2546E-49C1-4D6C-8667-1AE0E132854C}"
EndProject
Project("{FAE04EC0-301F-11D3-BF4B-00C04F79EFBC}") = "02.StringDisperser", "02.StringDisperser\02.StringDisperser.csproj", "{5FFD6A9C-BB61-4481-A1CC-77A01A3F91FE}"
EndProject
Global
	GlobalSection(SolutionConfigurationPlatforms) = preSolution
		Debug|Any CPU = Debug|Any CPU
		Release|Any CPU = Release|Any CPU
	EndGlobalSection
	GlobalSection(ProjectConfigurationPlatforms) = postSolution
		{58A2546E-49C1-4D6C-8667-1AE0E132854C}.Debug|Any CPU.ActiveCfg = Debug|Any CPU
		{58A2546E-49C1-4D6C-8667-1AE0E132854C}.Debug|Any CPU.Build.0 = Debug|Any CPU
		{58A2546E-49C1-4D6C-8667-1AE0E132854C}.Release|Any CPU.ActiveCfg = Release|Any CPU
		{58A2546E-49C1-4D6C-8667-1AE0E132854C}.Release|Any CPU.Build.0 = Release|Any CPU
		{5FFD6A9C-BB61-4481-A1CC-77A01A3F91FE}.Debug|Any CPU.ActiveCfg = Debug|Any CPU
		{5FFD6A9C-BB61-4481-A1CC-77A01A3F91FE}.Debug|Any CPU.Build.0 = Debug|Any CPU
		{5FFD6A9C-BB61-4481-A1CC-77A01A3F91FE}.Release|Any CPU.ActiveCfg = Release|Any CPU
		{5FFD6A9C-BB61-4481-A1CC-77A01A3F91FE}.Release|Any CPU.Build.0 = Release|Any CPU
	EndGlobalSection
	GlobalSection(SolutionProperties) = preSolution
		HideSolutionNode = FALSE
	EndGlobalSection
EndGlobal
