
Microsoft Visual Studio Solution File, Format Version 12.00
# Visual Studio 2012
Project("{FAE04EC0-301F-11D3-BF4B-00C04F79EFBC}") = "01. Task", "01. Task\01. Task.csproj", "{41F8F85D-3296-4462-8526-4C09D8AB3AC5}"
EndProject
Project("{FAE04EC0-301F-11D3-BF4B-00C04F79EFBC}") = "1.Task", "1.Task\1.Task.csproj", "{3403883C-5C7E-49F6-9601-65E06F3FB9A0}"
EndProject
Project("{FAE04EC0-301F-11D3-BF4B-00C04F79EFBC}") = "001.Task", "001.PeaceOfCake\001.Task.csproj", "{01580139-8094-4CDE-B0FB-D309E2AA25DD}"
EndProject
Project("{FAE04EC0-301F-11D3-BF4B-00C04F79EFBC}") = "0001.Task", "0001.Task\0001.Task.csproj", "{3E7AB542-F171-4F69-BDD1-348C7EFEA048}"
EndProject
Project("{FAE04EC0-301F-11D3-BF4B-00C04F79EFBC}") = "00001.Task", "00001.Task\00001.Task.csproj", "{8D3AC75E-8DB2-426B-BF15-9809F8D24970}"
EndProject
Project("{FAE04EC0-301F-11D3-BF4B-00C04F79EFBC}") = "000001.Task", "000001.Task\000001.Task.csproj", "{12A9DBAD-E688-4836-A20B-B976329FC6FF}"
EndProject
Project("{FAE04EC0-301F-11D3-BF4B-00C04F79EFBC}") = "0000001.Task", "0000001.Task\0000001.Task.csproj", "{282F9E4B-1AA6-4499-803E-925F4CC83D45}"
EndProject
Project("{FAE04EC0-301F-11D3-BF4B-00C04F79EFBC}") = "00000001.Task", "00000001.Task\00000001.Task.csproj", "{FADD3D98-0EDB-4943-AA18-DD2B689874A6}"
EndProject
Project("{FAE04EC0-301F-11D3-BF4B-00C04F79EFBC}") = "000000001.Task", "000000001.Task\000000001.Task.csproj", "{FDE1C03B-0460-43AB-86C2-504E18D28879}"
EndProject
Project("{FAE04EC0-301F-11D3-BF4B-00C04F79EFBC}") = "0000000001.Task", "0000000001.Task\0000000001.Task.csproj", "{EDC6C15F-B436-458E-922C-B8E5660ADD30}"
EndProject
Project("{FAE04EC0-301F-11D3-BF4B-00C04F79EFBC}") = "00000000001.Task", "00000000001.Task\00000000001.Task.csproj", "{FFF2AC49-909C-42CC-8AED-BECEC32A48EF}"
EndProject
Project("{FAE04EC0-301F-11D3-BF4B-00C04F79EFBC}") = "2.Task", "2.Task\2.Task.csproj", "{A4C7056C-D85E-4CB5-A635-1D9FA3BDC667}"
EndProject
Project("{FAE04EC0-301F-11D3-BF4B-00C04F79EFBC}") = "2.1Task", "2.1Task\2.1Task.csproj", "{6B0171E6-7797-4FF2-AFB7-994BDFFFC12D}"
EndProject
Project("{FAE04EC0-301F-11D3-BF4B-00C04F79EFBC}") = "2.2Task", "2.2Task\2.2Task.csproj", "{FB636B39-0079-4169-9F59-7E04032BF293}"
EndProject
Project("{FAE04EC0-301F-11D3-BF4B-00C04F79EFBC}") = "2.3Task", "2.3.Task\2.3Task.csproj", "{4546F915-240D-45A7-A57C-6719DADBD91E}"
EndProject
Project("{FAE04EC0-301F-11D3-BF4B-00C04F79EFBC}") = "2.4Task", "2.4Task\2.4Task.csproj", "{CDB38BE4-8A9E-4FF2-9F26-55F60F6AC443}"
EndProject
Project("{FAE04EC0-301F-11D3-BF4B-00C04F79EFBC}") = "2.5Task", "2.5Task\2.5Task.csproj", "{0F6BB1D5-D54B-415B-B99C-257F5905998B}"
EndProject
Project("{FAE04EC0-301F-11D3-BF4B-00C04F79EFBC}") = "2.6Task", "2.6Task\2.6Task.csproj", "{DA96FD80-400B-475C-B05F-D37CA931E7E9}"
EndProject
Project("{FAE04EC0-301F-11D3-BF4B-00C04F79EFBC}") = "2.7Task", "2.7Task\2.7Task.csproj", "{7D797BB5-3F8A-498E-983F-72CC9C70CE7D}"
EndProject
Project("{FAE04EC0-301F-11D3-BF4B-00C04F79EFBC}") = "2.8Task", "2.8Task\2.8Task.csproj", "{986CE500-093B-4360-857D-43FFF7CC1C72}"
EndProject
Project("{FAE04EC0-301F-11D3-BF4B-00C04F79EFBC}") = "2.9Task", "2.9Task\2.9Task.csproj", "{0AB6834E-AEAA-4CD4-8C57-9728D474DAEF}"
EndProject
Project("{FAE04EC0-301F-11D3-BF4B-00C04F79EFBC}") = "2.0Task", "2.0Task\2.0Task.csproj", "{D4AC03D7-5EBB-43F5-8DEC-8A3A0B4653A8}"
EndProject
Project("{FAE04EC0-301F-11D3-BF4B-00C04F79EFBC}") = "2.01Task", "2.01Task\2.01Task.csproj", "{F2D8A0C5-BFA3-4E4C-871C-38DC3CF3E0C6}"
EndProject
Project("{FAE04EC0-301F-11D3-BF4B-00C04F79EFBC}") = "3.Task", "3.Task\3.Task.csproj", "{11A21D27-F0BE-4C80-AEB5-A18D6E27A54E}"
EndProject
Project("{FAE04EC0-301F-11D3-BF4B-00C04F79EFBC}") = "3.0Task", "3.0Task\3.0Task.csproj", "{EEA1BAD4-EBD9-4CB2-A3DC-EC22F90FB0FD}"
EndProject
Project("{FAE04EC0-301F-11D3-BF4B-00C04F79EFBC}") = "3.1Task", "3.1Task\3.1Task.csproj", "{102E3D3B-B18F-46AB-ACD0-29B2B57375EB}"
EndProject
Project("{FAE04EC0-301F-11D3-BF4B-00C04F79EFBC}") = "3.2Task", "3.2Task\3.2Task.csproj", "{76729E93-0B01-4EC9-BD8C-7DCBCF81211F}"
EndProject
Project("{FAE04EC0-301F-11D3-BF4B-00C04F79EFBC}") = "3.3Task", "3.3Task\3.3Task.csproj", "{C5E9251C-3274-4E5C-87AA-FC44D8B3125F}"
EndProject
Project("{FAE04EC0-301F-11D3-BF4B-00C04F79EFBC}") = "3.4Task", "3.4Task\3.4Task.csproj", "{4EE47833-5E15-4676-9E0E-1CB26FCFEB29}"
EndProject
Project("{FAE04EC0-301F-11D3-BF4B-00C04F79EFBC}") = "3.5Task", "3.5Task\3.5Task.csproj", "{B124D753-5133-4D1C-90E3-3351DE6F4324}"
EndProject
Project("{FAE04EC0-301F-11D3-BF4B-00C04F79EFBC}") = "3.6Task", "3.6Task\3.6Task.csproj", "{3A127ADE-D12F-4931-BF7B-07ED19BE054C}"
EndProject
Project("{FAE04EC0-301F-11D3-BF4B-00C04F79EFBC}") = "3.7Task", "3.7Task\3.7Task.csproj", "{A14B2EFE-A4FD-4F5B-A2E5-64131896E84E}"
EndProject
Project("{FAE04EC0-301F-11D3-BF4B-00C04F79EFBC}") = "3.8Task", "3.8Task\3.8Task.csproj", "{2B361D30-CBDD-448F-9D9D-8A97E067F820}"
EndProject
Project("{FAE04EC0-301F-11D3-BF4B-00C04F79EFBC}") = "3.9Task", "3.9Task\3.9Task.csproj", "{A08BC9B2-1A67-427E-9507-60996C0FF77B}"
EndProject
Project("{FAE04EC0-301F-11D3-BF4B-00C04F79EFBC}") = "4.Task", "4.Task\4.Task.csproj", "{D5BF674D-5EA5-461C-9BCC-EAEF8D9F072F}"
EndProject
Project("{FAE04EC0-301F-11D3-BF4B-00C04F79EFBC}") = "4.1Task", "4.1Task\4.1Task.csproj", "{54EDD689-59EA-4ADE-8F9D-1612618D97CA}"
EndProject
Project("{FAE04EC0-301F-11D3-BF4B-00C04F79EFBC}") = "4.2Task", "4.2Task\4.2Task.csproj", "{1DBAB410-4C55-43BF-AF2B-8216ADF60EF4}"
EndProject
Global
	GlobalSection(SolutionConfigurationPlatforms) = preSolution
		Debug|Any CPU = Debug|Any CPU
		Release|Any CPU = Release|Any CPU
	EndGlobalSection
	GlobalSection(ProjectConfigurationPlatforms) = postSolution
		{41F8F85D-3296-4462-8526-4C09D8AB3AC5}.Debug|Any CPU.ActiveCfg = Debug|Any CPU
		{41F8F85D-3296-4462-8526-4C09D8AB3AC5}.Debug|Any CPU.Build.0 = Debug|Any CPU
		{41F8F85D-3296-4462-8526-4C09D8AB3AC5}.Release|Any CPU.ActiveCfg = Release|Any CPU
		{41F8F85D-3296-4462-8526-4C09D8AB3AC5}.Release|Any CPU.Build.0 = Release|Any CPU
		{3403883C-5C7E-49F6-9601-65E06F3FB9A0}.Debug|Any CPU.ActiveCfg = Debug|Any CPU
		{3403883C-5C7E-49F6-9601-65E06F3FB9A0}.Debug|Any CPU.Build.0 = Debug|Any CPU
		{3403883C-5C7E-49F6-9601-65E06F3FB9A0}.Release|Any CPU.ActiveCfg = Release|Any CPU
		{3403883C-5C7E-49F6-9601-65E06F3FB9A0}.Release|Any CPU.Build.0 = Release|Any CPU
		{01580139-8094-4CDE-B0FB-D309E2AA25DD}.Debug|Any CPU.ActiveCfg = Debug|Any CPU
		{01580139-8094-4CDE-B0FB-D309E2AA25DD}.Debug|Any CPU.Build.0 = Debug|Any CPU
		{01580139-8094-4CDE-B0FB-D309E2AA25DD}.Release|Any CPU.ActiveCfg = Release|Any CPU
		{01580139-8094-4CDE-B0FB-D309E2AA25DD}.Release|Any CPU.Build.0 = Release|Any CPU
		{3E7AB542-F171-4F69-BDD1-348C7EFEA048}.Debug|Any CPU.ActiveCfg = Debug|Any CPU
		{3E7AB542-F171-4F69-BDD1-348C7EFEA048}.Debug|Any CPU.Build.0 = Debug|Any CPU
		{3E7AB542-F171-4F69-BDD1-348C7EFEA048}.Release|Any CPU.ActiveCfg = Release|Any CPU
		{3E7AB542-F171-4F69-BDD1-348C7EFEA048}.Release|Any CPU.Build.0 = Release|Any CPU
		{8D3AC75E-8DB2-426B-BF15-9809F8D24970}.Debug|Any CPU.ActiveCfg = Debug|Any CPU
		{8D3AC75E-8DB2-426B-BF15-9809F8D24970}.Debug|Any CPU.Build.0 = Debug|Any CPU
		{8D3AC75E-8DB2-426B-BF15-9809F8D24970}.Release|Any CPU.ActiveCfg = Release|Any CPU
		{8D3AC75E-8DB2-426B-BF15-9809F8D24970}.Release|Any CPU.Build.0 = Release|Any CPU
		{12A9DBAD-E688-4836-A20B-B976329FC6FF}.Debug|Any CPU.ActiveCfg = Debug|Any CPU
		{12A9DBAD-E688-4836-A20B-B976329FC6FF}.Debug|Any CPU.Build.0 = Debug|Any CPU
		{12A9DBAD-E688-4836-A20B-B976329FC6FF}.Release|Any CPU.ActiveCfg = Release|Any CPU
		{12A9DBAD-E688-4836-A20B-B976329FC6FF}.Release|Any CPU.Build.0 = Release|Any CPU
		{282F9E4B-1AA6-4499-803E-925F4CC83D45}.Debug|Any CPU.ActiveCfg = Debug|Any CPU
		{282F9E4B-1AA6-4499-803E-925F4CC83D45}.Debug|Any CPU.Build.0 = Debug|Any CPU
		{282F9E4B-1AA6-4499-803E-925F4CC83D45}.Release|Any CPU.ActiveCfg = Release|Any CPU
		{282F9E4B-1AA6-4499-803E-925F4CC83D45}.Release|Any CPU.Build.0 = Release|Any CPU
		{FADD3D98-0EDB-4943-AA18-DD2B689874A6}.Debug|Any CPU.ActiveCfg = Debug|Any CPU
		{FADD3D98-0EDB-4943-AA18-DD2B689874A6}.Debug|Any CPU.Build.0 = Debug|Any CPU
		{FADD3D98-0EDB-4943-AA18-DD2B689874A6}.Release|Any CPU.ActiveCfg = Release|Any CPU
		{FADD3D98-0EDB-4943-AA18-DD2B689874A6}.Release|Any CPU.Build.0 = Release|Any CPU
		{FDE1C03B-0460-43AB-86C2-504E18D28879}.Debug|Any CPU.ActiveCfg = Debug|Any CPU
		{FDE1C03B-0460-43AB-86C2-504E18D28879}.Debug|Any CPU.Build.0 = Debug|Any CPU
		{FDE1C03B-0460-43AB-86C2-504E18D28879}.Release|Any CPU.ActiveCfg = Release|Any CPU
		{FDE1C03B-0460-43AB-86C2-504E18D28879}.Release|Any CPU.Build.0 = Release|Any CPU
		{EDC6C15F-B436-458E-922C-B8E5660ADD30}.Debug|Any CPU.ActiveCfg = Debug|Any CPU
		{EDC6C15F-B436-458E-922C-B8E5660ADD30}.Debug|Any CPU.Build.0 = Debug|Any CPU
		{EDC6C15F-B436-458E-922C-B8E5660ADD30}.Release|Any CPU.ActiveCfg = Release|Any CPU
		{EDC6C15F-B436-458E-922C-B8E5660ADD30}.Release|Any CPU.Build.0 = Release|Any CPU
		{FFF2AC49-909C-42CC-8AED-BECEC32A48EF}.Debug|Any CPU.ActiveCfg = Debug|Any CPU
		{FFF2AC49-909C-42CC-8AED-BECEC32A48EF}.Debug|Any CPU.Build.0 = Debug|Any CPU
		{FFF2AC49-909C-42CC-8AED-BECEC32A48EF}.Release|Any CPU.ActiveCfg = Release|Any CPU
		{FFF2AC49-909C-42CC-8AED-BECEC32A48EF}.Release|Any CPU.Build.0 = Release|Any CPU
		{A4C7056C-D85E-4CB5-A635-1D9FA3BDC667}.Debug|Any CPU.ActiveCfg = Debug|Any CPU
		{A4C7056C-D85E-4CB5-A635-1D9FA3BDC667}.Debug|Any CPU.Build.0 = Debug|Any CPU
		{A4C7056C-D85E-4CB5-A635-1D9FA3BDC667}.Release|Any CPU.ActiveCfg = Release|Any CPU
		{A4C7056C-D85E-4CB5-A635-1D9FA3BDC667}.Release|Any CPU.Build.0 = Release|Any CPU
		{6B0171E6-7797-4FF2-AFB7-994BDFFFC12D}.Debug|Any CPU.ActiveCfg = Debug|Any CPU
		{6B0171E6-7797-4FF2-AFB7-994BDFFFC12D}.Debug|Any CPU.Build.0 = Debug|Any CPU
		{6B0171E6-7797-4FF2-AFB7-994BDFFFC12D}.Release|Any CPU.ActiveCfg = Release|Any CPU
		{6B0171E6-7797-4FF2-AFB7-994BDFFFC12D}.Release|Any CPU.Build.0 = Release|Any CPU
		{FB636B39-0079-4169-9F59-7E04032BF293}.Debug|Any CPU.ActiveCfg = Debug|Any CPU
		{FB636B39-0079-4169-9F59-7E04032BF293}.Debug|Any CPU.Build.0 = Debug|Any CPU
		{FB636B39-0079-4169-9F59-7E04032BF293}.Release|Any CPU.ActiveCfg = Release|Any CPU
		{FB636B39-0079-4169-9F59-7E04032BF293}.Release|Any CPU.Build.0 = Release|Any CPU
		{4546F915-240D-45A7-A57C-6719DADBD91E}.Debug|Any CPU.ActiveCfg = Debug|Any CPU
		{4546F915-240D-45A7-A57C-6719DADBD91E}.Debug|Any CPU.Build.0 = Debug|Any CPU
		{4546F915-240D-45A7-A57C-6719DADBD91E}.Release|Any CPU.ActiveCfg = Release|Any CPU
		{4546F915-240D-45A7-A57C-6719DADBD91E}.Release|Any CPU.Build.0 = Release|Any CPU
		{CDB38BE4-8A9E-4FF2-9F26-55F60F6AC443}.Debug|Any CPU.ActiveCfg = Debug|Any CPU
		{CDB38BE4-8A9E-4FF2-9F26-55F60F6AC443}.Debug|Any CPU.Build.0 = Debug|Any CPU
		{CDB38BE4-8A9E-4FF2-9F26-55F60F6AC443}.Release|Any CPU.ActiveCfg = Release|Any CPU
		{CDB38BE4-8A9E-4FF2-9F26-55F60F6AC443}.Release|Any CPU.Build.0 = Release|Any CPU
		{0F6BB1D5-D54B-415B-B99C-257F5905998B}.Debug|Any CPU.ActiveCfg = Debug|Any CPU
		{0F6BB1D5-D54B-415B-B99C-257F5905998B}.Debug|Any CPU.Build.0 = Debug|Any CPU
		{0F6BB1D5-D54B-415B-B99C-257F5905998B}.Release|Any CPU.ActiveCfg = Release|Any CPU
		{0F6BB1D5-D54B-415B-B99C-257F5905998B}.Release|Any CPU.Build.0 = Release|Any CPU
		{DA96FD80-400B-475C-B05F-D37CA931E7E9}.Debug|Any CPU.ActiveCfg = Debug|Any CPU
		{DA96FD80-400B-475C-B05F-D37CA931E7E9}.Debug|Any CPU.Build.0 = Debug|Any CPU
		{DA96FD80-400B-475C-B05F-D37CA931E7E9}.Release|Any CPU.ActiveCfg = Release|Any CPU
		{DA96FD80-400B-475C-B05F-D37CA931E7E9}.Release|Any CPU.Build.0 = Release|Any CPU
		{7D797BB5-3F8A-498E-983F-72CC9C70CE7D}.Debug|Any CPU.ActiveCfg = Debug|Any CPU
		{7D797BB5-3F8A-498E-983F-72CC9C70CE7D}.Debug|Any CPU.Build.0 = Debug|Any CPU
		{7D797BB5-3F8A-498E-983F-72CC9C70CE7D}.Release|Any CPU.ActiveCfg = Release|Any CPU
		{7D797BB5-3F8A-498E-983F-72CC9C70CE7D}.Release|Any CPU.Build.0 = Release|Any CPU
		{986CE500-093B-4360-857D-43FFF7CC1C72}.Debug|Any CPU.ActiveCfg = Debug|Any CPU
		{986CE500-093B-4360-857D-43FFF7CC1C72}.Debug|Any CPU.Build.0 = Debug|Any CPU
		{986CE500-093B-4360-857D-43FFF7CC1C72}.Release|Any CPU.ActiveCfg = Release|Any CPU
		{986CE500-093B-4360-857D-43FFF7CC1C72}.Release|Any CPU.Build.0 = Release|Any CPU
		{0AB6834E-AEAA-4CD4-8C57-9728D474DAEF}.Debug|Any CPU.ActiveCfg = Debug|Any CPU
		{0AB6834E-AEAA-4CD4-8C57-9728D474DAEF}.Debug|Any CPU.Build.0 = Debug|Any CPU
		{0AB6834E-AEAA-4CD4-8C57-9728D474DAEF}.Release|Any CPU.ActiveCfg = Release|Any CPU
		{0AB6834E-AEAA-4CD4-8C57-9728D474DAEF}.Release|Any CPU.Build.0 = Release|Any CPU
		{D4AC03D7-5EBB-43F5-8DEC-8A3A0B4653A8}.Debug|Any CPU.ActiveCfg = Debug|Any CPU
		{D4AC03D7-5EBB-43F5-8DEC-8A3A0B4653A8}.Debug|Any CPU.Build.0 = Debug|Any CPU
		{D4AC03D7-5EBB-43F5-8DEC-8A3A0B4653A8}.Release|Any CPU.ActiveCfg = Release|Any CPU
		{D4AC03D7-5EBB-43F5-8DEC-8A3A0B4653A8}.Release|Any CPU.Build.0 = Release|Any CPU
		{F2D8A0C5-BFA3-4E4C-871C-38DC3CF3E0C6}.Debug|Any CPU.ActiveCfg = Debug|Any CPU
		{F2D8A0C5-BFA3-4E4C-871C-38DC3CF3E0C6}.Debug|Any CPU.Build.0 = Debug|Any CPU
		{F2D8A0C5-BFA3-4E4C-871C-38DC3CF3E0C6}.Release|Any CPU.ActiveCfg = Release|Any CPU
		{F2D8A0C5-BFA3-4E4C-871C-38DC3CF3E0C6}.Release|Any CPU.Build.0 = Release|Any CPU
		{11A21D27-F0BE-4C80-AEB5-A18D6E27A54E}.Debug|Any CPU.ActiveCfg = Debug|Any CPU
		{11A21D27-F0BE-4C80-AEB5-A18D6E27A54E}.Debug|Any CPU.Build.0 = Debug|Any CPU
		{11A21D27-F0BE-4C80-AEB5-A18D6E27A54E}.Release|Any CPU.ActiveCfg = Release|Any CPU
		{11A21D27-F0BE-4C80-AEB5-A18D6E27A54E}.Release|Any CPU.Build.0 = Release|Any CPU
		{EEA1BAD4-EBD9-4CB2-A3DC-EC22F90FB0FD}.Debug|Any CPU.ActiveCfg = Debug|Any CPU
		{EEA1BAD4-EBD9-4CB2-A3DC-EC22F90FB0FD}.Debug|Any CPU.Build.0 = Debug|Any CPU
		{EEA1BAD4-EBD9-4CB2-A3DC-EC22F90FB0FD}.Release|Any CPU.ActiveCfg = Release|Any CPU
		{EEA1BAD4-EBD9-4CB2-A3DC-EC22F90FB0FD}.Release|Any CPU.Build.0 = Release|Any CPU
		{102E3D3B-B18F-46AB-ACD0-29B2B57375EB}.Debug|Any CPU.ActiveCfg = Debug|Any CPU
		{102E3D3B-B18F-46AB-ACD0-29B2B57375EB}.Debug|Any CPU.Build.0 = Debug|Any CPU
		{102E3D3B-B18F-46AB-ACD0-29B2B57375EB}.Release|Any CPU.ActiveCfg = Release|Any CPU
		{102E3D3B-B18F-46AB-ACD0-29B2B57375EB}.Release|Any CPU.Build.0 = Release|Any CPU
		{76729E93-0B01-4EC9-BD8C-7DCBCF81211F}.Debug|Any CPU.ActiveCfg = Debug|Any CPU
		{76729E93-0B01-4EC9-BD8C-7DCBCF81211F}.Debug|Any CPU.Build.0 = Debug|Any CPU
		{76729E93-0B01-4EC9-BD8C-7DCBCF81211F}.Release|Any CPU.ActiveCfg = Release|Any CPU
		{76729E93-0B01-4EC9-BD8C-7DCBCF81211F}.Release|Any CPU.Build.0 = Release|Any CPU
		{C5E9251C-3274-4E5C-87AA-FC44D8B3125F}.Debug|Any CPU.ActiveCfg = Debug|Any CPU
		{C5E9251C-3274-4E5C-87AA-FC44D8B3125F}.Debug|Any CPU.Build.0 = Debug|Any CPU
		{C5E9251C-3274-4E5C-87AA-FC44D8B3125F}.Release|Any CPU.ActiveCfg = Release|Any CPU
		{C5E9251C-3274-4E5C-87AA-FC44D8B3125F}.Release|Any CPU.Build.0 = Release|Any CPU
		{4EE47833-5E15-4676-9E0E-1CB26FCFEB29}.Debug|Any CPU.ActiveCfg = Debug|Any CPU
		{4EE47833-5E15-4676-9E0E-1CB26FCFEB29}.Debug|Any CPU.Build.0 = Debug|Any CPU
		{4EE47833-5E15-4676-9E0E-1CB26FCFEB29}.Release|Any CPU.ActiveCfg = Release|Any CPU
		{4EE47833-5E15-4676-9E0E-1CB26FCFEB29}.Release|Any CPU.Build.0 = Release|Any CPU
		{B124D753-5133-4D1C-90E3-3351DE6F4324}.Debug|Any CPU.ActiveCfg = Debug|Any CPU
		{B124D753-5133-4D1C-90E3-3351DE6F4324}.Debug|Any CPU.Build.0 = Debug|Any CPU
		{B124D753-5133-4D1C-90E3-3351DE6F4324}.Release|Any CPU.ActiveCfg = Release|Any CPU
		{B124D753-5133-4D1C-90E3-3351DE6F4324}.Release|Any CPU.Build.0 = Release|Any CPU
		{3A127ADE-D12F-4931-BF7B-07ED19BE054C}.Debug|Any CPU.ActiveCfg = Debug|Any CPU
		{3A127ADE-D12F-4931-BF7B-07ED19BE054C}.Debug|Any CPU.Build.0 = Debug|Any CPU
		{3A127ADE-D12F-4931-BF7B-07ED19BE054C}.Release|Any CPU.ActiveCfg = Release|Any CPU
		{3A127ADE-D12F-4931-BF7B-07ED19BE054C}.Release|Any CPU.Build.0 = Release|Any CPU
		{A14B2EFE-A4FD-4F5B-A2E5-64131896E84E}.Debug|Any CPU.ActiveCfg = Debug|Any CPU
		{A14B2EFE-A4FD-4F5B-A2E5-64131896E84E}.Debug|Any CPU.Build.0 = Debug|Any CPU
		{A14B2EFE-A4FD-4F5B-A2E5-64131896E84E}.Release|Any CPU.ActiveCfg = Release|Any CPU
		{A14B2EFE-A4FD-4F5B-A2E5-64131896E84E}.Release|Any CPU.Build.0 = Release|Any CPU
		{2B361D30-CBDD-448F-9D9D-8A97E067F820}.Debug|Any CPU.ActiveCfg = Debug|Any CPU
		{2B361D30-CBDD-448F-9D9D-8A97E067F820}.Debug|Any CPU.Build.0 = Debug|Any CPU
		{2B361D30-CBDD-448F-9D9D-8A97E067F820}.Release|Any CPU.ActiveCfg = Release|Any CPU
		{2B361D30-CBDD-448F-9D9D-8A97E067F820}.Release|Any CPU.Build.0 = Release|Any CPU
		{A08BC9B2-1A67-427E-9507-60996C0FF77B}.Debug|Any CPU.ActiveCfg = Debug|Any CPU
		{A08BC9B2-1A67-427E-9507-60996C0FF77B}.Debug|Any CPU.Build.0 = Debug|Any CPU
		{A08BC9B2-1A67-427E-9507-60996C0FF77B}.Release|Any CPU.ActiveCfg = Release|Any CPU
		{A08BC9B2-1A67-427E-9507-60996C0FF77B}.Release|Any CPU.Build.0 = Release|Any CPU
		{D5BF674D-5EA5-461C-9BCC-EAEF8D9F072F}.Debug|Any CPU.ActiveCfg = Debug|Any CPU
		{D5BF674D-5EA5-461C-9BCC-EAEF8D9F072F}.Debug|Any CPU.Build.0 = Debug|Any CPU
		{D5BF674D-5EA5-461C-9BCC-EAEF8D9F072F}.Release|Any CPU.ActiveCfg = Release|Any CPU
		{D5BF674D-5EA5-461C-9BCC-EAEF8D9F072F}.Release|Any CPU.Build.0 = Release|Any CPU
		{54EDD689-59EA-4ADE-8F9D-1612618D97CA}.Debug|Any CPU.ActiveCfg = Debug|Any CPU
		{54EDD689-59EA-4ADE-8F9D-1612618D97CA}.Debug|Any CPU.Build.0 = Debug|Any CPU
		{54EDD689-59EA-4ADE-8F9D-1612618D97CA}.Release|Any CPU.ActiveCfg = Release|Any CPU
		{54EDD689-59EA-4ADE-8F9D-1612618D97CA}.Release|Any CPU.Build.0 = Release|Any CPU
		{1DBAB410-4C55-43BF-AF2B-8216ADF60EF4}.Debug|Any CPU.ActiveCfg = Debug|Any CPU
		{1DBAB410-4C55-43BF-AF2B-8216ADF60EF4}.Debug|Any CPU.Build.0 = Debug|Any CPU
		{1DBAB410-4C55-43BF-AF2B-8216ADF60EF4}.Release|Any CPU.ActiveCfg = Release|Any CPU
		{1DBAB410-4C55-43BF-AF2B-8216ADF60EF4}.Release|Any CPU.Build.0 = Release|Any CPU
	EndGlobalSection
	GlobalSection(SolutionProperties) = preSolution
		HideSolutionNode = FALSE
	EndGlobalSection
EndGlobal
