
Microsoft Visual Studio Solution File, Format Version 12.00
# Visual Studio 2012
Project("{FAE04EC0-301F-11D3-BF4B-00C04F79EFBC}") = "Age after 10 Years", "..\AgeAfter10Years\Age after 10 Years.csproj", "{88DEE2DA-94ED-4D3B-8BCC-A2517FA89CED}"
EndProject
Project("{FAE04EC0-301F-11D3-BF4B-00C04F79EFBC}") = "CurrentDateAndTime", "..\CurrentDateAndTime\CurrentDateAndTime.csproj", "{C2AB05F8-170F-4CC2-BD5E-EBAF807AFBB6}"
EndProject
Project("{FAE04EC0-301F-11D3-BF4B-00C04F79EFBC}") = "FirstandLastName", "..\FirstAndLastName\FirstandLastName.csproj", "{B6976BB5-4C06-4D1F-A372-11A331ECEEC4}"
EndProject
Project("{FAE04EC0-301F-11D3-BF4B-00C04F79EFBC}") = "HelloCSharp", "..\HelloCSharp\HelloCSharp.csproj", "{079383EB-67A6-4875-B10A-8F51E9FDCE64}"
EndProject
Project("{FAE04EC0-301F-11D3-BF4B-00C04F79EFBC}") = "PrintLongSequence", "..\PrintLongSequence\PrintLongSequence.csproj", "{8C089240-90EC-4C23-BD0C-92814B43551C}"
EndProject
Project("{FAE04EC0-301F-11D3-BF4B-00C04F79EFBC}") = "PrintMyName", "..\PrintMyName\PrintMyName.csproj", "{71507104-C0AF-4927-8256-89E198D07DAE}"
EndProject
Project("{FAE04EC0-301F-11D3-BF4B-00C04F79EFBC}") = "ReformatCode", "..\ReformatCode\ReformatCode.csproj", "{8F714694-10EA-4042-92A6-A5F7819A81E3}"
EndProject
Project("{FAE04EC0-301F-11D3-BF4B-00C04F79EFBC}") = "Sequence", "..\Sequence\Sequence.csproj", "{8C3EF0B7-B31D-4312-8B62-DC6BF65B44D7}"
EndProject
Project("{FAE04EC0-301F-11D3-BF4B-00C04F79EFBC}") = "SquareRoot", "..\SquareRoot\SquareRoot.csproj", "{CE6407A5-869A-48EA-9BE9-3853815A3DD4}"
EndProject
Global
	GlobalSection(SolutionConfigurationPlatforms) = preSolution
		Debug|Any CPU = Debug|Any CPU
		Release|Any CPU = Release|Any CPU
	EndGlobalSection
	GlobalSection(ProjectConfigurationPlatforms) = postSolution
		{88DEE2DA-94ED-4D3B-8BCC-A2517FA89CED}.Debug|Any CPU.ActiveCfg = Debug|Any CPU
		{88DEE2DA-94ED-4D3B-8BCC-A2517FA89CED}.Debug|Any CPU.Build.0 = Debug|Any CPU
		{88DEE2DA-94ED-4D3B-8BCC-A2517FA89CED}.Release|Any CPU.ActiveCfg = Release|Any CPU
		{88DEE2DA-94ED-4D3B-8BCC-A2517FA89CED}.Release|Any CPU.Build.0 = Release|Any CPU
		{C2AB05F8-170F-4CC2-BD5E-EBAF807AFBB6}.Debug|Any CPU.ActiveCfg = Debug|Any CPU
		{C2AB05F8-170F-4CC2-BD5E-EBAF807AFBB6}.Debug|Any CPU.Build.0 = Debug|Any CPU
		{C2AB05F8-170F-4CC2-BD5E-EBAF807AFBB6}.Release|Any CPU.ActiveCfg = Release|Any CPU
		{C2AB05F8-170F-4CC2-BD5E-EBAF807AFBB6}.Release|Any CPU.Build.0 = Release|Any CPU
		{B6976BB5-4C06-4D1F-A372-11A331ECEEC4}.Debug|Any CPU.ActiveCfg = Debug|Any CPU
		{B6976BB5-4C06-4D1F-A372-11A331ECEEC4}.Debug|Any CPU.Build.0 = Debug|Any CPU
		{B6976BB5-4C06-4D1F-A372-11A331ECEEC4}.Release|Any CPU.ActiveCfg = Release|Any CPU
		{B6976BB5-4C06-4D1F-A372-11A331ECEEC4}.Release|Any CPU.Build.0 = Release|Any CPU
		{079383EB-67A6-4875-B10A-8F51E9FDCE64}.Debug|Any CPU.ActiveCfg = Debug|Any CPU
		{079383EB-67A6-4875-B10A-8F51E9FDCE64}.Debug|Any CPU.Build.0 = Debug|Any CPU
		{079383EB-67A6-4875-B10A-8F51E9FDCE64}.Release|Any CPU.ActiveCfg = Release|Any CPU
		{079383EB-67A6-4875-B10A-8F51E9FDCE64}.Release|Any CPU.Build.0 = Release|Any CPU
		{8C089240-90EC-4C23-BD0C-92814B43551C}.Debug|Any CPU.ActiveCfg = Debug|Any CPU
		{8C089240-90EC-4C23-BD0C-92814B43551C}.Debug|Any CPU.Build.0 = Debug|Any CPU
		{8C089240-90EC-4C23-BD0C-92814B43551C}.Release|Any CPU.ActiveCfg = Release|Any CPU
		{8C089240-90EC-4C23-BD0C-92814B43551C}.Release|Any CPU.Build.0 = Release|Any CPU
		{71507104-C0AF-4927-8256-89E198D07DAE}.Debug|Any CPU.ActiveCfg = Debug|Any CPU
		{71507104-C0AF-4927-8256-89E198D07DAE}.Debug|Any CPU.Build.0 = Debug|Any CPU
		{71507104-C0AF-4927-8256-89E198D07DAE}.Release|Any CPU.ActiveCfg = Release|Any CPU
		{71507104-C0AF-4927-8256-89E198D07DAE}.Release|Any CPU.Build.0 = Release|Any CPU
		{8F714694-10EA-4042-92A6-A5F7819A81E3}.Debug|Any CPU.ActiveCfg = Debug|Any CPU
		{8F714694-10EA-4042-92A6-A5F7819A81E3}.Debug|Any CPU.Build.0 = Debug|Any CPU
		{8F714694-10EA-4042-92A6-A5F7819A81E3}.Release|Any CPU.ActiveCfg = Release|Any CPU
		{8F714694-10EA-4042-92A6-A5F7819A81E3}.Release|Any CPU.Build.0 = Release|Any CPU
		{8C3EF0B7-B31D-4312-8B62-DC6BF65B44D7}.Debug|Any CPU.ActiveCfg = Debug|Any CPU
		{8C3EF0B7-B31D-4312-8B62-DC6BF65B44D7}.Debug|Any CPU.Build.0 = Debug|Any CPU
		{8C3EF0B7-B31D-4312-8B62-DC6BF65B44D7}.Release|Any CPU.ActiveCfg = Release|Any CPU
		{8C3EF0B7-B31D-4312-8B62-DC6BF65B44D7}.Release|Any CPU.Build.0 = Release|Any CPU
		{CE6407A5-869A-48EA-9BE9-3853815A3DD4}.Debug|Any CPU.ActiveCfg = Debug|Any CPU
		{CE6407A5-869A-48EA-9BE9-3853815A3DD4}.Debug|Any CPU.Build.0 = Debug|Any CPU
		{CE6407A5-869A-48EA-9BE9-3853815A3DD4}.Release|Any CPU.ActiveCfg = Release|Any CPU
		{CE6407A5-869A-48EA-9BE9-3853815A3DD4}.Release|Any CPU.Build.0 = Release|Any CPU
	EndGlobalSection
	GlobalSection(SolutionProperties) = preSolution
		HideSolutionNode = FALSE
	EndGlobalSection
EndGlobal
