
Microsoft Visual Studio Solution File, Format Version 12.00
# Visual Studio 2012
Project("{FAE04EC0-301F-11D3-BF4B-00C04F79EFBC}") = "Telerik.Ils.Common", "StringExtension\Telerik.Ils.Common.csproj", "{3A092C96-F977-4D0E-AAB0-E69804DDE6EA}"
EndProject
Global
	GlobalSection(SolutionConfigurationPlatforms) = preSolution
		Debug|Any CPU = Debug|Any CPU
		Release|Any CPU = Release|Any CPU
	EndGlobalSection
	GlobalSection(ProjectConfigurationPlatforms) = postSolution
		{3A092C96-F977-4D0E-AAB0-E69804DDE6EA}.Debug|Any CPU.ActiveCfg = Debug|Any CPU
		{3A092C96-F977-4D0E-AAB0-E69804DDE6EA}.Debug|Any CPU.Build.0 = Debug|Any CPU
		{3A092C96-F977-4D0E-AAB0-E69804DDE6EA}.Release|Any CPU.ActiveCfg = Release|Any CPU
		{3A092C96-F977-4D0E-AAB0-E69804DDE6EA}.Release|Any CPU.Build.0 = Release|Any CPU
	EndGlobalSection
	GlobalSection(SolutionProperties) = preSolution
		HideSolutionNode = FALSE
	EndGlobalSection
EndGlobal
