
Microsoft Visual Studio Solution File, Format Version 12.00
# Visual Studio 2013
VisualStudioVersion = 12.0.21005.1
MinimumVisualStudioVersion = 10.0.40219.1
Project("{FAE04EC0-301F-11D3-BF4B-00C04F79EFBC}") = "01_Shapes", "01_Shapes\01_Shapes.csproj", "{8F7B0C0C-2D7E-4B27-8CC6-EF12FB942AB8}"
EndProject
Project("{FAE04EC0-301F-11D3-BF4B-00C04F79EFBC}") = "02_BankOfKurtovoKonare", "02_BankOfKurtovoKonare\02_BankOfKurtovoKonare.csproj", "{384D7F23-6791-44C1-A69E-C1887F4AD389}"
EndProject
Global
	GlobalSection(SolutionConfigurationPlatforms) = preSolution
		Debug|Any CPU = Debug|Any CPU
		Release|Any CPU = Release|Any CPU
	EndGlobalSection
	GlobalSection(ProjectConfigurationPlatforms) = postSolution
		{8F7B0C0C-2D7E-4B27-8CC6-EF12FB942AB8}.Debug|Any CPU.ActiveCfg = Debug|Any CPU
		{8F7B0C0C-2D7E-4B27-8CC6-EF12FB942AB8}.Debug|Any CPU.Build.0 = Debug|Any CPU
		{8F7B0C0C-2D7E-4B27-8CC6-EF12FB942AB8}.Release|Any CPU.ActiveCfg = Release|Any CPU
		{8F7B0C0C-2D7E-4B27-8CC6-EF12FB942AB8}.Release|Any CPU.Build.0 = Release|Any CPU
		{384D7F23-6791-44C1-A69E-C1887F4AD389}.Debug|Any CPU.ActiveCfg = Debug|Any CPU
		{384D7F23-6791-44C1-A69E-C1887F4AD389}.Debug|Any CPU.Build.0 = Debug|Any CPU
		{384D7F23-6791-44C1-A69E-C1887F4AD389}.Release|Any CPU.ActiveCfg = Release|Any CPU
		{384D7F23-6791-44C1-A69E-C1887F4AD389}.Release|Any CPU.Build.0 = Release|Any CPU
	EndGlobalSection
	GlobalSection(SolutionProperties) = preSolution
		HideSolutionNode = FALSE
	EndGlobalSection
EndGlobal
