
Microsoft Visual Studio Solution File, Format Version 12.00
# Visual Studio 2013
VisualStudioVersion = 12.0.31101.0
MinimumVisualStudioVersion = 10.0.40219.1
Project("{FAE04EC0-301F-11D3-BF4B-00C04F79EFBC}") = "ProductsShop.Data", "ProductsShopDb\ProductsShop.Data.csproj", "{68B6DE2A-DB63-4199-8989-BCAA8443EDCC}"
EndProject
Project("{FAE04EC0-301F-11D3-BF4B-00C04F79EFBC}") = "ProducstShop.Models", "ProducstShop.Models\ProducstShop.Models.csproj", "{562C737C-191A-45F4-AF24-25BAA15D36AD}"
EndProject
Project("{FAE04EC0-301F-11D3-BF4B-00C04F79EFBC}") = "ProductsShop.ConsoleApplication", "ProductsShop.ConsoleApplication\ProductsShop.ConsoleApplication.csproj", "{E8917B05-E456-4670-BD15-9CCAA91E4888}"
EndProject
Global
	GlobalSection(SolutionConfigurationPlatforms) = preSolution
		Debug|Any CPU = Debug|Any CPU
		Release|Any CPU = Release|Any CPU
	EndGlobalSection
	GlobalSection(ProjectConfigurationPlatforms) = postSolution
		{68B6DE2A-DB63-4199-8989-BCAA8443EDCC}.Debug|Any CPU.ActiveCfg = Debug|Any CPU
		{68B6DE2A-DB63-4199-8989-BCAA8443EDCC}.Debug|Any CPU.Build.0 = Debug|Any CPU
		{68B6DE2A-DB63-4199-8989-BCAA8443EDCC}.Release|Any CPU.ActiveCfg = Release|Any CPU
		{68B6DE2A-DB63-4199-8989-BCAA8443EDCC}.Release|Any CPU.Build.0 = Release|Any CPU
		{562C737C-191A-45F4-AF24-25BAA15D36AD}.Debug|Any CPU.ActiveCfg = Debug|Any CPU
		{562C737C-191A-45F4-AF24-25BAA15D36AD}.Debug|Any CPU.Build.0 = Debug|Any CPU
		{562C737C-191A-45F4-AF24-25BAA15D36AD}.Release|Any CPU.ActiveCfg = Release|Any CPU
		{562C737C-191A-45F4-AF24-25BAA15D36AD}.Release|Any CPU.Build.0 = Release|Any CPU
		{E8917B05-E456-4670-BD15-9CCAA91E4888}.Debug|Any CPU.ActiveCfg = Debug|Any CPU
		{E8917B05-E456-4670-BD15-9CCAA91E4888}.Debug|Any CPU.Build.0 = Debug|Any CPU
		{E8917B05-E456-4670-BD15-9CCAA91E4888}.Release|Any CPU.ActiveCfg = Release|Any CPU
		{E8917B05-E456-4670-BD15-9CCAA91E4888}.Release|Any CPU.Build.0 = Release|Any CPU
	EndGlobalSection
	GlobalSection(SolutionProperties) = preSolution
		HideSolutionNode = FALSE
	EndGlobalSection
EndGlobal
