
Microsoft Visual Studio Solution File, Format Version 12.00
# Visual Studio 2012
Project("{FAE04EC0-301F-11D3-BF4B-00C04F79EFBC}") = "Double", "Double\Double.csproj", "{263673DA-B13A-4B16-80CE-5E1290EDE377}"
EndProject
Project("{FAE04EC0-301F-11D3-BF4B-00C04F79EFBC}") = "Prime", "Prime\Prime.csproj", "{39465521-CF5D-4C6D-AC2C-4DB3EF7E72EB}"
EndProject
Project("{FAE04EC0-301F-11D3-BF4B-00C04F79EFBC}") = "Digit7", "Digit7\Digit7.csproj", "{2331A41C-F290-4779-9144-C9B2962DB6A6}"
EndProject
Project("{FAE04EC0-301F-11D3-BF4B-00C04F79EFBC}") = "Bit", "Bit\Bit.csproj", "{DC6912FC-E4B8-4933-BE96-8A8D7CA56089}"
EndProject
Project("{FAE04EC0-301F-11D3-BF4B-00C04F79EFBC}") = "Moon", "Moon\Moon.csproj", "{87A90BB5-9682-4D8E-8014-60C87AEC4C45}"
EndProject
Project("{FAE04EC0-301F-11D3-BF4B-00C04F79EFBC}") = "Circle", "Circle\Circle.csproj", "{115A52D7-0A7E-43E0-B309-80B5344495EE}"
EndProject
Project("{FAE04EC0-301F-11D3-BF4B-00C04F79EFBC}") = "Bits", "Bits\Bits.csproj", "{5E4139AF-0627-4134-A36E-CBED25B029FC}"
EndProject
Project("{FAE04EC0-301F-11D3-BF4B-00C04F79EFBC}") = "PrimeNumber", "PrimeNumber\PrimeNumber.csproj", "{3A28BD72-1614-433A-88B9-F3D2939F2864}"
EndProject
Project("{FAE04EC0-301F-11D3-BF4B-00C04F79EFBC}") = "BitChange", "BitChange\BitChange.csproj", "{175CF16F-87BC-43AB-B6F3-F31920DC5449}"
EndProject
Project("{FAE04EC0-301F-11D3-BF4B-00C04F79EFBC}") = "TryParse", "TryParse\TryParse.csproj", "{E8A7A4CC-8685-43CD-B036-702B4AA1D97B}"
EndProject
Project("{FAE04EC0-301F-11D3-BF4B-00C04F79EFBC}") = "Number", "Number\Number.csproj", "{575F637B-6935-4026-ACF1-898606CB0A6A}"
EndProject
Project("{FAE04EC0-301F-11D3-BF4B-00C04F79EFBC}") = "Divide", "Divide\Divide.csproj", "{5AC51A94-8B0C-4190-8033-52CCE2FBF1D8}"
EndProject
Project("{FAE04EC0-301F-11D3-BF4B-00C04F79EFBC}") = "Fibonachi", "Fibonachi\Fibonachi.csproj", "{55ADEC62-91DE-46EB-A6C9-A8AB43B572C3}"
EndProject
Project("{FAE04EC0-301F-11D3-BF4B-00C04F79EFBC}") = "MathAbs", "MathAbs\MathAbs.csproj", "{1898F36E-61A0-4FE4-B17E-A5E9F967711E}"
EndProject
Project("{FAE04EC0-301F-11D3-BF4B-00C04F79EFBC}") = "Sum", "Sum\Sum.csproj", "{A1137441-8636-42A8-8E28-2E48D5ED9DDC}"
EndProject
Project("{FAE04EC0-301F-11D3-BF4B-00C04F79EFBC}") = "switch", "switch\switch.csproj", "{35A70430-478C-48CB-9DAD-D14E054D077B}"
EndProject
Project("{FAE04EC0-301F-11D3-BF4B-00C04F79EFBC}") = "KvadratnoUravnenie", "KvadratnoUravnenie\KvadratnoUravnenie.csproj", "{47E60706-4DCE-4370-A7C4-56401AFEB79A}"
EndProject
Project("{FAE04EC0-301F-11D3-BF4B-00C04F79EFBC}") = "Print5Numbers", "Print5Numbers\Print5Numbers.csproj", "{8F4AB55B-2C42-4EFD-91DE-486D2572E009}"
EndProject
Project("{FAE04EC0-301F-11D3-BF4B-00C04F79EFBC}") = "NestedIf", "NestedIf\NestedIf.csproj", "{8CCD29C3-ED63-4874-A44E-44AD9A0FA339}"
EndProject
Project("{FAE04EC0-301F-11D3-BF4B-00C04F79EFBC}") = "BeerTime", "BeerTime\BeerTime.csproj", "{8E97395C-A060-468C-B629-E600D0D73B4C}"
EndProject
Project("{FAE04EC0-301F-11D3-BF4B-00C04F79EFBC}") = "RowCol", "RowCol\RowCol.csproj", "{962CC5BF-8C0A-4B27-B7AD-8873B82F2590}"
EndProject
Project("{FAE04EC0-301F-11D3-BF4B-00C04F79EFBC}") = "KartiZaIgra", "MinMax\KartiZaIgra.csproj", "{37ADAF9B-CB06-46D6-8DF9-4B013AD379DB}"
EndProject
Project("{FAE04EC0-301F-11D3-BF4B-00C04F79EFBC}") = "N!", "N!\N!.csproj", "{C8DB1CC4-91E0-4040-A4B9-27CAD441C7A9}"
EndProject
Project("{FAE04EC0-301F-11D3-BF4B-00C04F79EFBC}") = "N!K!", "N!K!\N!K!.csproj", "{C9FB8725-0676-4E1D-A6D3-DC1F6338144F}"
EndProject
Project("{FAE04EC0-301F-11D3-BF4B-00C04F79EFBC}") = "MatrixOfNumbers", "MatrixOfNumbers\MatrixOfNumbers.csproj", "{B9F0D3F5-5E30-4ACD-B0AA-58BE10E26D67}"
EndProject
Project("{FAE04EC0-301F-11D3-BF4B-00C04F79EFBC}") = "OddOrEven", "OddOrEven\OddOrEven.csproj", "{BC50D7AC-AA80-48F5-A20C-18D2781750E6}"
EndProject
Project("{FAE04EC0-301F-11D3-BF4B-00C04F79EFBC}") = "Random", "Random\Random.csproj", "{D24B761E-183C-4960-B4BA-85DD859AD6EF}"
EndProject
Project("{FAE04EC0-301F-11D3-BF4B-00C04F79EFBC}") = "Calculate GCD", "Calculate GCD\Calculate GCD.csproj", "{1E19306B-CD42-4041-B2FD-3AC45E252734}"
EndProject
Global
	GlobalSection(SolutionConfigurationPlatforms) = preSolution
		Debug|Any CPU = Debug|Any CPU
		Release|Any CPU = Release|Any CPU
	EndGlobalSection
	GlobalSection(ProjectConfigurationPlatforms) = postSolution
		{263673DA-B13A-4B16-80CE-5E1290EDE377}.Debug|Any CPU.ActiveCfg = Debug|Any CPU
		{263673DA-B13A-4B16-80CE-5E1290EDE377}.Debug|Any CPU.Build.0 = Debug|Any CPU
		{263673DA-B13A-4B16-80CE-5E1290EDE377}.Release|Any CPU.ActiveCfg = Release|Any CPU
		{263673DA-B13A-4B16-80CE-5E1290EDE377}.Release|Any CPU.Build.0 = Release|Any CPU
		{39465521-CF5D-4C6D-AC2C-4DB3EF7E72EB}.Debug|Any CPU.ActiveCfg = Debug|Any CPU
		{39465521-CF5D-4C6D-AC2C-4DB3EF7E72EB}.Debug|Any CPU.Build.0 = Debug|Any CPU
		{39465521-CF5D-4C6D-AC2C-4DB3EF7E72EB}.Release|Any CPU.ActiveCfg = Release|Any CPU
		{39465521-CF5D-4C6D-AC2C-4DB3EF7E72EB}.Release|Any CPU.Build.0 = Release|Any CPU
		{2331A41C-F290-4779-9144-C9B2962DB6A6}.Debug|Any CPU.ActiveCfg = Debug|Any CPU
		{2331A41C-F290-4779-9144-C9B2962DB6A6}.Debug|Any CPU.Build.0 = Debug|Any CPU
		{2331A41C-F290-4779-9144-C9B2962DB6A6}.Release|Any CPU.ActiveCfg = Release|Any CPU
		{2331A41C-F290-4779-9144-C9B2962DB6A6}.Release|Any CPU.Build.0 = Release|Any CPU
		{DC6912FC-E4B8-4933-BE96-8A8D7CA56089}.Debug|Any CPU.ActiveCfg = Debug|Any CPU
		{DC6912FC-E4B8-4933-BE96-8A8D7CA56089}.Debug|Any CPU.Build.0 = Debug|Any CPU
		{DC6912FC-E4B8-4933-BE96-8A8D7CA56089}.Release|Any CPU.ActiveCfg = Release|Any CPU
		{DC6912FC-E4B8-4933-BE96-8A8D7CA56089}.Release|Any CPU.Build.0 = Release|Any CPU
		{87A90BB5-9682-4D8E-8014-60C87AEC4C45}.Debug|Any CPU.ActiveCfg = Debug|Any CPU
		{87A90BB5-9682-4D8E-8014-60C87AEC4C45}.Debug|Any CPU.Build.0 = Debug|Any CPU
		{87A90BB5-9682-4D8E-8014-60C87AEC4C45}.Release|Any CPU.ActiveCfg = Release|Any CPU
		{87A90BB5-9682-4D8E-8014-60C87AEC4C45}.Release|Any CPU.Build.0 = Release|Any CPU
		{115A52D7-0A7E-43E0-B309-80B5344495EE}.Debug|Any CPU.ActiveCfg = Debug|Any CPU
		{115A52D7-0A7E-43E0-B309-80B5344495EE}.Debug|Any CPU.Build.0 = Debug|Any CPU
		{115A52D7-0A7E-43E0-B309-80B5344495EE}.Release|Any CPU.ActiveCfg = Release|Any CPU
		{115A52D7-0A7E-43E0-B309-80B5344495EE}.Release|Any CPU.Build.0 = Release|Any CPU
		{5E4139AF-0627-4134-A36E-CBED25B029FC}.Debug|Any CPU.ActiveCfg = Debug|Any CPU
		{5E4139AF-0627-4134-A36E-CBED25B029FC}.Debug|Any CPU.Build.0 = Debug|Any CPU
		{5E4139AF-0627-4134-A36E-CBED25B029FC}.Release|Any CPU.ActiveCfg = Release|Any CPU
		{5E4139AF-0627-4134-A36E-CBED25B029FC}.Release|Any CPU.Build.0 = Release|Any CPU
		{3A28BD72-1614-433A-88B9-F3D2939F2864}.Debug|Any CPU.ActiveCfg = Debug|Any CPU
		{3A28BD72-1614-433A-88B9-F3D2939F2864}.Debug|Any CPU.Build.0 = Debug|Any CPU
		{3A28BD72-1614-433A-88B9-F3D2939F2864}.Release|Any CPU.ActiveCfg = Release|Any CPU
		{3A28BD72-1614-433A-88B9-F3D2939F2864}.Release|Any CPU.Build.0 = Release|Any CPU
		{175CF16F-87BC-43AB-B6F3-F31920DC5449}.Debug|Any CPU.ActiveCfg = Debug|Any CPU
		{175CF16F-87BC-43AB-B6F3-F31920DC5449}.Debug|Any CPU.Build.0 = Debug|Any CPU
		{175CF16F-87BC-43AB-B6F3-F31920DC5449}.Release|Any CPU.ActiveCfg = Release|Any CPU
		{175CF16F-87BC-43AB-B6F3-F31920DC5449}.Release|Any CPU.Build.0 = Release|Any CPU
		{E8A7A4CC-8685-43CD-B036-702B4AA1D97B}.Debug|Any CPU.ActiveCfg = Debug|Any CPU
		{E8A7A4CC-8685-43CD-B036-702B4AA1D97B}.Debug|Any CPU.Build.0 = Debug|Any CPU
		{E8A7A4CC-8685-43CD-B036-702B4AA1D97B}.Release|Any CPU.ActiveCfg = Release|Any CPU
		{E8A7A4CC-8685-43CD-B036-702B4AA1D97B}.Release|Any CPU.Build.0 = Release|Any CPU
		{575F637B-6935-4026-ACF1-898606CB0A6A}.Debug|Any CPU.ActiveCfg = Debug|Any CPU
		{575F637B-6935-4026-ACF1-898606CB0A6A}.Debug|Any CPU.Build.0 = Debug|Any CPU
		{575F637B-6935-4026-ACF1-898606CB0A6A}.Release|Any CPU.ActiveCfg = Release|Any CPU
		{575F637B-6935-4026-ACF1-898606CB0A6A}.Release|Any CPU.Build.0 = Release|Any CPU
		{5AC51A94-8B0C-4190-8033-52CCE2FBF1D8}.Debug|Any CPU.ActiveCfg = Debug|Any CPU
		{5AC51A94-8B0C-4190-8033-52CCE2FBF1D8}.Debug|Any CPU.Build.0 = Debug|Any CPU
		{5AC51A94-8B0C-4190-8033-52CCE2FBF1D8}.Release|Any CPU.ActiveCfg = Release|Any CPU
		{5AC51A94-8B0C-4190-8033-52CCE2FBF1D8}.Release|Any CPU.Build.0 = Release|Any CPU
		{55ADEC62-91DE-46EB-A6C9-A8AB43B572C3}.Debug|Any CPU.ActiveCfg = Debug|Any CPU
		{55ADEC62-91DE-46EB-A6C9-A8AB43B572C3}.Debug|Any CPU.Build.0 = Debug|Any CPU
		{55ADEC62-91DE-46EB-A6C9-A8AB43B572C3}.Release|Any CPU.ActiveCfg = Release|Any CPU
		{55ADEC62-91DE-46EB-A6C9-A8AB43B572C3}.Release|Any CPU.Build.0 = Release|Any CPU
		{1898F36E-61A0-4FE4-B17E-A5E9F967711E}.Debug|Any CPU.ActiveCfg = Debug|Any CPU
		{1898F36E-61A0-4FE4-B17E-A5E9F967711E}.Debug|Any CPU.Build.0 = Debug|Any CPU
		{1898F36E-61A0-4FE4-B17E-A5E9F967711E}.Release|Any CPU.ActiveCfg = Release|Any CPU
		{1898F36E-61A0-4FE4-B17E-A5E9F967711E}.Release|Any CPU.Build.0 = Release|Any CPU
		{A1137441-8636-42A8-8E28-2E48D5ED9DDC}.Debug|Any CPU.ActiveCfg = Debug|Any CPU
		{A1137441-8636-42A8-8E28-2E48D5ED9DDC}.Debug|Any CPU.Build.0 = Debug|Any CPU
		{A1137441-8636-42A8-8E28-2E48D5ED9DDC}.Release|Any CPU.ActiveCfg = Release|Any CPU
		{A1137441-8636-42A8-8E28-2E48D5ED9DDC}.Release|Any CPU.Build.0 = Release|Any CPU
		{35A70430-478C-48CB-9DAD-D14E054D077B}.Debug|Any CPU.ActiveCfg = Debug|Any CPU
		{35A70430-478C-48CB-9DAD-D14E054D077B}.Debug|Any CPU.Build.0 = Debug|Any CPU
		{35A70430-478C-48CB-9DAD-D14E054D077B}.Release|Any CPU.ActiveCfg = Release|Any CPU
		{35A70430-478C-48CB-9DAD-D14E054D077B}.Release|Any CPU.Build.0 = Release|Any CPU
		{47E60706-4DCE-4370-A7C4-56401AFEB79A}.Debug|Any CPU.ActiveCfg = Debug|Any CPU
		{47E60706-4DCE-4370-A7C4-56401AFEB79A}.Debug|Any CPU.Build.0 = Debug|Any CPU
		{47E60706-4DCE-4370-A7C4-56401AFEB79A}.Release|Any CPU.ActiveCfg = Release|Any CPU
		{47E60706-4DCE-4370-A7C4-56401AFEB79A}.Release|Any CPU.Build.0 = Release|Any CPU
		{8F4AB55B-2C42-4EFD-91DE-486D2572E009}.Debug|Any CPU.ActiveCfg = Debug|Any CPU
		{8F4AB55B-2C42-4EFD-91DE-486D2572E009}.Debug|Any CPU.Build.0 = Debug|Any CPU
		{8F4AB55B-2C42-4EFD-91DE-486D2572E009}.Release|Any CPU.ActiveCfg = Release|Any CPU
		{8F4AB55B-2C42-4EFD-91DE-486D2572E009}.Release|Any CPU.Build.0 = Release|Any CPU
		{8CCD29C3-ED63-4874-A44E-44AD9A0FA339}.Debug|Any CPU.ActiveCfg = Debug|Any CPU
		{8CCD29C3-ED63-4874-A44E-44AD9A0FA339}.Debug|Any CPU.Build.0 = Debug|Any CPU
		{8CCD29C3-ED63-4874-A44E-44AD9A0FA339}.Release|Any CPU.ActiveCfg = Release|Any CPU
		{8CCD29C3-ED63-4874-A44E-44AD9A0FA339}.Release|Any CPU.Build.0 = Release|Any CPU
		{8E97395C-A060-468C-B629-E600D0D73B4C}.Debug|Any CPU.ActiveCfg = Debug|Any CPU
		{8E97395C-A060-468C-B629-E600D0D73B4C}.Debug|Any CPU.Build.0 = Debug|Any CPU
		{8E97395C-A060-468C-B629-E600D0D73B4C}.Release|Any CPU.ActiveCfg = Release|Any CPU
		{8E97395C-A060-468C-B629-E600D0D73B4C}.Release|Any CPU.Build.0 = Release|Any CPU
		{962CC5BF-8C0A-4B27-B7AD-8873B82F2590}.Debug|Any CPU.ActiveCfg = Debug|Any CPU
		{962CC5BF-8C0A-4B27-B7AD-8873B82F2590}.Debug|Any CPU.Build.0 = Debug|Any CPU
		{962CC5BF-8C0A-4B27-B7AD-8873B82F2590}.Release|Any CPU.ActiveCfg = Release|Any CPU
		{962CC5BF-8C0A-4B27-B7AD-8873B82F2590}.Release|Any CPU.Build.0 = Release|Any CPU
		{37ADAF9B-CB06-46D6-8DF9-4B013AD379DB}.Debug|Any CPU.ActiveCfg = Debug|Any CPU
		{37ADAF9B-CB06-46D6-8DF9-4B013AD379DB}.Debug|Any CPU.Build.0 = Debug|Any CPU
		{37ADAF9B-CB06-46D6-8DF9-4B013AD379DB}.Release|Any CPU.ActiveCfg = Release|Any CPU
		{37ADAF9B-CB06-46D6-8DF9-4B013AD379DB}.Release|Any CPU.Build.0 = Release|Any CPU
		{C8DB1CC4-91E0-4040-A4B9-27CAD441C7A9}.Debug|Any CPU.ActiveCfg = Debug|Any CPU
		{C8DB1CC4-91E0-4040-A4B9-27CAD441C7A9}.Debug|Any CPU.Build.0 = Debug|Any CPU
		{C8DB1CC4-91E0-4040-A4B9-27CAD441C7A9}.Release|Any CPU.ActiveCfg = Release|Any CPU
		{C8DB1CC4-91E0-4040-A4B9-27CAD441C7A9}.Release|Any CPU.Build.0 = Release|Any CPU
		{C9FB8725-0676-4E1D-A6D3-DC1F6338144F}.Debug|Any CPU.ActiveCfg = Debug|Any CPU
		{C9FB8725-0676-4E1D-A6D3-DC1F6338144F}.Debug|Any CPU.Build.0 = Debug|Any CPU
		{C9FB8725-0676-4E1D-A6D3-DC1F6338144F}.Release|Any CPU.ActiveCfg = Release|Any CPU
		{C9FB8725-0676-4E1D-A6D3-DC1F6338144F}.Release|Any CPU.Build.0 = Release|Any CPU
		{B9F0D3F5-5E30-4ACD-B0AA-58BE10E26D67}.Debug|Any CPU.ActiveCfg = Debug|Any CPU
		{B9F0D3F5-5E30-4ACD-B0AA-58BE10E26D67}.Debug|Any CPU.Build.0 = Debug|Any CPU
		{B9F0D3F5-5E30-4ACD-B0AA-58BE10E26D67}.Release|Any CPU.ActiveCfg = Release|Any CPU
		{B9F0D3F5-5E30-4ACD-B0AA-58BE10E26D67}.Release|Any CPU.Build.0 = Release|Any CPU
		{BC50D7AC-AA80-48F5-A20C-18D2781750E6}.Debug|Any CPU.ActiveCfg = Debug|Any CPU
		{BC50D7AC-AA80-48F5-A20C-18D2781750E6}.Debug|Any CPU.Build.0 = Debug|Any CPU
		{BC50D7AC-AA80-48F5-A20C-18D2781750E6}.Release|Any CPU.ActiveCfg = Release|Any CPU
		{BC50D7AC-AA80-48F5-A20C-18D2781750E6}.Release|Any CPU.Build.0 = Release|Any CPU
		{D24B761E-183C-4960-B4BA-85DD859AD6EF}.Debug|Any CPU.ActiveCfg = Debug|Any CPU
		{D24B761E-183C-4960-B4BA-85DD859AD6EF}.Debug|Any CPU.Build.0 = Debug|Any CPU
		{D24B761E-183C-4960-B4BA-85DD859AD6EF}.Release|Any CPU.ActiveCfg = Release|Any CPU
		{D24B761E-183C-4960-B4BA-85DD859AD6EF}.Release|Any CPU.Build.0 = Release|Any CPU
		{1E19306B-CD42-4041-B2FD-3AC45E252734}.Debug|Any CPU.ActiveCfg = Debug|Any CPU
		{1E19306B-CD42-4041-B2FD-3AC45E252734}.Debug|Any CPU.Build.0 = Debug|Any CPU
		{1E19306B-CD42-4041-B2FD-3AC45E252734}.Release|Any CPU.ActiveCfg = Release|Any CPU
		{1E19306B-CD42-4041-B2FD-3AC45E252734}.Release|Any CPU.Build.0 = Release|Any CPU
	EndGlobalSection
	GlobalSection(SolutionProperties) = preSolution
		HideSolutionNode = FALSE
	EndGlobalSection
EndGlobal
