
Microsoft Visual Studio Solution File, Format Version 12.00
# Visual Studio 2013
VisualStudioVersion = 12.0.21005.1
MinimumVisualStudioVersion = 10.0.40219.1
Project("{FAE04EC0-301F-11D3-BF4B-00C04F79EFBC}") = "Shapes", "Shapes\Shapes.csproj", "{420218F3-AA33-4A02-BF60-B9341DB05113}"
EndProject
Project("{FAE04EC0-301F-11D3-BF4B-00C04F79EFBC}") = "BankOfKurtovoKonare", "BankOfKurtovoKonare\BankOfKurtovoKonare.csproj", "{8A0CCCA6-CF88-4BAB-96B3-006F1F08C9CF}"
EndProject
Global
	GlobalSection(SolutionConfigurationPlatforms) = preSolution
		Debug|Any CPU = Debug|Any CPU
		Release|Any CPU = Release|Any CPU
	EndGlobalSection
	GlobalSection(ProjectConfigurationPlatforms) = postSolution
		{420218F3-AA33-4A02-BF60-B9341DB05113}.Debug|Any CPU.ActiveCfg = Debug|Any CPU
		{420218F3-AA33-4A02-BF60-B9341DB05113}.Debug|Any CPU.Build.0 = Debug|Any CPU
		{420218F3-AA33-4A02-BF60-B9341DB05113}.Release|Any CPU.ActiveCfg = Release|Any CPU
		{420218F3-AA33-4A02-BF60-B9341DB05113}.Release|Any CPU.Build.0 = Release|Any CPU
		{8A0CCCA6-CF88-4BAB-96B3-006F1F08C9CF}.Debug|Any CPU.ActiveCfg = Debug|Any CPU
		{8A0CCCA6-CF88-4BAB-96B3-006F1F08C9CF}.Debug|Any CPU.Build.0 = Debug|Any CPU
		{8A0CCCA6-CF88-4BAB-96B3-006F1F08C9CF}.Release|Any CPU.ActiveCfg = Release|Any CPU
		{8A0CCCA6-CF88-4BAB-96B3-006F1F08C9CF}.Release|Any CPU.Build.0 = Release|Any CPU
	EndGlobalSection
	GlobalSection(SolutionProperties) = preSolution
		HideSolutionNode = FALSE
	EndGlobalSection
EndGlobal
