
Microsoft Visual Studio Solution File, Format Version 12.00
# Visual Studio 2012
Project("{FAE04EC0-301F-11D3-BF4B-00C04F79EFBC}") = "FibonacciNumbers", "FibonacciNumbers\FibonacciNumbers.csproj", "{180A125C-8910-4B31-9A7E-8A890833EE87}"
EndProject
Project("{FAE04EC0-301F-11D3-BF4B-00C04F79EFBC}") = "PrimeChecker", "PrimeChecker\PrimeChecker.csproj", "{3C553C4E-15A7-47E1-BAAB-4F9C1F97B2B9}"
EndProject
Global
	GlobalSection(SolutionConfigurationPlatforms) = preSolution
		Debug|Any CPU = Debug|Any CPU
		Release|Any CPU = Release|Any CPU
	EndGlobalSection
	GlobalSection(ProjectConfigurationPlatforms) = postSolution
		{180A125C-8910-4B31-9A7E-8A890833EE87}.Debug|Any CPU.ActiveCfg = Debug|Any CPU
		{180A125C-8910-4B31-9A7E-8A890833EE87}.Debug|Any CPU.Build.0 = Debug|Any CPU
		{180A125C-8910-4B31-9A7E-8A890833EE87}.Release|Any CPU.ActiveCfg = Release|Any CPU
		{180A125C-8910-4B31-9A7E-8A890833EE87}.Release|Any CPU.Build.0 = Release|Any CPU
		{3C553C4E-15A7-47E1-BAAB-4F9C1F97B2B9}.Debug|Any CPU.ActiveCfg = Debug|Any CPU
		{3C553C4E-15A7-47E1-BAAB-4F9C1F97B2B9}.Debug|Any CPU.Build.0 = Debug|Any CPU
		{3C553C4E-15A7-47E1-BAAB-4F9C1F97B2B9}.Release|Any CPU.ActiveCfg = Release|Any CPU
		{3C553C4E-15A7-47E1-BAAB-4F9C1F97B2B9}.Release|Any CPU.Build.0 = Release|Any CPU
	EndGlobalSection
	GlobalSection(SolutionProperties) = preSolution
		HideSolutionNode = FALSE
	EndGlobalSection
EndGlobal
